
Microsoft Visual Studio Solution File, Format Version 12.00
# Visual Studio Version 16
VisualStudioVersion = 16.0.30002.166
MinimumVisualStudioVersion = 15.0.26124.0
Project("{2150E333-8FDC-42A3-9474-1A3956D46DE8}") = "VelvetRope.ITOps", "VelvetRope.ITOps", "{1DD2EE3F-82E8-4C05-91AD-5BBE6076467C}"
EndProject
Project("{2150E333-8FDC-42A3-9474-1A3956D46DE8}") = "VelvetRope.Business", "VelvetRope.Business", "{44F0F4B4-8D96-4760-BEB0-3E12685FEAAF}"
EndProject
Project("{9A19103F-16F7-4668-BE54-9A1E7A4F7556}") = "VelvetRope.Client.Web", "VelvetRope.Client.Web\VelvetRope.Client.Web.csproj", "{AEFFF364-D20E-4AA6-8227-3CB2260EFA50}"
EndProject
Project("{2150E333-8FDC-42A3-9474-1A3956D46DE8}") = "Reporting", "Reporting", "{488E95EC-19CF-4C01-A0E3-EEEFB34F738E}"
EndProject
Project("{2150E333-8FDC-42A3-9474-1A3956D46DE8}") = "VelvetRope.Components", "VelvetRope.Components", "{673188DD-807B-43DC-AA39-97F9259202DB}"
EndProject
Project("{9A19103F-16F7-4668-BE54-9A1E7A4F7556}") = "VelvetRope.Common", "VelvetRope.Common\VelvetRope.Common.csproj", "{A7035015-1D0D-45D0-8D61-577DAF609073}"
EndProject
Project("{2150E333-8FDC-42A3-9474-1A3956D46DE8}") = "Events", "Events", "{4C7A5589-AF92-48F8-B9A0-F5BE9554A0FD}"
EndProject
Project("{9A19103F-16F7-4668-BE54-9A1E7A4F7556}") = "VelvetRope.Events", "VelvetRope.Events\VelvetRope.Events.csproj", "{272433F2-358D-4518-8EEE-25EC5421DD5A}"
EndProject
Global
	GlobalSection(SolutionConfigurationPlatforms) = preSolution
		Debug|Any CPU = Debug|Any CPU
		Debug|x64 = Debug|x64
		Debug|x86 = Debug|x86
		Release|Any CPU = Release|Any CPU
		Release|x64 = Release|x64
		Release|x86 = Release|x86
	EndGlobalSection
	GlobalSection(ProjectConfigurationPlatforms) = postSolution
		{AEFFF364-D20E-4AA6-8227-3CB2260EFA50}.Debug|Any CPU.ActiveCfg = Debug|Any CPU
		{AEFFF364-D20E-4AA6-8227-3CB2260EFA50}.Debug|Any CPU.Build.0 = Debug|Any CPU
		{AEFFF364-D20E-4AA6-8227-3CB2260EFA50}.Debug|x64.ActiveCfg = Debug|Any CPU
		{AEFFF364-D20E-4AA6-8227-3CB2260EFA50}.Debug|x64.Build.0 = Debug|Any CPU
		{AEFFF364-D20E-4AA6-8227-3CB2260EFA50}.Debug|x86.ActiveCfg = Debug|Any CPU
		{AEFFF364-D20E-4AA6-8227-3CB2260EFA50}.Debug|x86.Build.0 = Debug|Any CPU
		{AEFFF364-D20E-4AA6-8227-3CB2260EFA50}.Release|Any CPU.ActiveCfg = Release|Any CPU
		{AEFFF364-D20E-4AA6-8227-3CB2260EFA50}.Release|Any CPU.Build.0 = Release|Any CPU
		{AEFFF364-D20E-4AA6-8227-3CB2260EFA50}.Release|x64.ActiveCfg = Release|Any CPU
		{AEFFF364-D20E-4AA6-8227-3CB2260EFA50}.Release|x64.Build.0 = Release|Any CPU
		{AEFFF364-D20E-4AA6-8227-3CB2260EFA50}.Release|x86.ActiveCfg = Release|Any CPU
		{AEFFF364-D20E-4AA6-8227-3CB2260EFA50}.Release|x86.Build.0 = Release|Any CPU
		{A7035015-1D0D-45D0-8D61-577DAF609073}.Debug|Any CPU.ActiveCfg = Debug|Any CPU
		{A7035015-1D0D-45D0-8D61-577DAF609073}.Debug|Any CPU.Build.0 = Debug|Any CPU
		{A7035015-1D0D-45D0-8D61-577DAF609073}.Debug|x64.ActiveCfg = Debug|Any CPU
		{A7035015-1D0D-45D0-8D61-577DAF609073}.Debug|x64.Build.0 = Debug|Any CPU
		{A7035015-1D0D-45D0-8D61-577DAF609073}.Debug|x86.ActiveCfg = Debug|Any CPU
		{A7035015-1D0D-45D0-8D61-577DAF609073}.Debug|x86.Build.0 = Debug|Any CPU
		{A7035015-1D0D-45D0-8D61-577DAF609073}.Release|Any CPU.ActiveCfg = Release|Any CPU
		{A7035015-1D0D-45D0-8D61-577DAF609073}.Release|Any CPU.Build.0 = Release|Any CPU
		{A7035015-1D0D-45D0-8D61-577DAF609073}.Release|x64.ActiveCfg = Release|Any CPU
		{A7035015-1D0D-45D0-8D61-577DAF609073}.Release|x64.Build.0 = Release|Any CPU
		{A7035015-1D0D-45D0-8D61-577DAF609073}.Release|x86.ActiveCfg = Release|Any CPU
		{A7035015-1D0D-45D0-8D61-577DAF609073}.Release|x86.Build.0 = Release|Any CPU
		{272433F2-358D-4518-8EEE-25EC5421DD5A}.Debug|Any CPU.ActiveCfg = Debug|Any CPU
		{272433F2-358D-4518-8EEE-25EC5421DD5A}.Debug|Any CPU.Build.0 = Debug|Any CPU
		{272433F2-358D-4518-8EEE-25EC5421DD5A}.Debug|x64.ActiveCfg = Debug|Any CPU
		{272433F2-358D-4518-8EEE-25EC5421DD5A}.Debug|x64.Build.0 = Debug|Any CPU
		{272433F2-358D-4518-8EEE-25EC5421DD5A}.Debug|x86.ActiveCfg = Debug|Any CPU
		{272433F2-358D-4518-8EEE-25EC5421DD5A}.Debug|x86.Build.0 = Debug|Any CPU
		{272433F2-358D-4518-8EEE-25EC5421DD5A}.Release|Any CPU.ActiveCfg = Release|Any CPU
		{272433F2-358D-4518-8EEE-25EC5421DD5A}.Release|Any CPU.Build.0 = Release|Any CPU
		{272433F2-358D-4518-8EEE-25EC5421DD5A}.Release|x64.ActiveCfg = Release|Any CPU
		{272433F2-358D-4518-8EEE-25EC5421DD5A}.Release|x64.Build.0 = Release|Any CPU
		{272433F2-358D-4518-8EEE-25EC5421DD5A}.Release|x86.ActiveCfg = Release|Any CPU
		{272433F2-358D-4518-8EEE-25EC5421DD5A}.Release|x86.Build.0 = Release|Any CPU
	EndGlobalSection
	GlobalSection(SolutionProperties) = preSolution
		HideSolutionNode = FALSE
	EndGlobalSection
	GlobalSection(NestedProjects) = preSolution
		{AEFFF364-D20E-4AA6-8227-3CB2260EFA50} = {1DD2EE3F-82E8-4C05-91AD-5BBE6076467C}
		{488E95EC-19CF-4C01-A0E3-EEEFB34F738E} = {1DD2EE3F-82E8-4C05-91AD-5BBE6076467C}
		{A7035015-1D0D-45D0-8D61-577DAF609073} = {673188DD-807B-43DC-AA39-97F9259202DB}
		{4C7A5589-AF92-48F8-B9A0-F5BE9554A0FD} = {44F0F4B4-8D96-4760-BEB0-3E12685FEAAF}
		{272433F2-358D-4518-8EEE-25EC5421DD5A} = {4C7A5589-AF92-48F8-B9A0-F5BE9554A0FD}
	EndGlobalSection
	GlobalSection(ExtensibilityGlobals) = postSolution
		SolutionGuid = {AA42ACF4-1A5F-455F-8565-84D4EC589920}
	EndGlobalSection
EndGlobal
