
Microsoft Visual Studio Solution File, Format Version 12.00
# Visual Studio 15
VisualStudioVersion = 15.0.26124.0
MinimumVisualStudioVersion = 15.0.26124.0
Project("{2150E333-8FDC-42A3-9474-1A3956D46DE8}") = "VelvetRope.ITOps", "VelvetRope.ITOps", "{1DD2EE3F-82E8-4C05-91AD-5BBE6076467C}"
EndProject
Project("{2150E333-8FDC-42A3-9474-1A3956D46DE8}") = "VelvetRope.Business", "VelvetRope.Business", "{44F0F4B4-8D96-4760-BEB0-3E12685FEAAF}"
EndProject
Global
	GlobalSection(SolutionConfigurationPlatforms) = preSolution
		Debug|Any CPU = Debug|Any CPU
		Debug|x64 = Debug|x64
		Debug|x86 = Debug|x86
		Release|Any CPU = Release|Any CPU
		Release|x64 = Release|x64
		Release|x86 = Release|x86
	EndGlobalSection
	GlobalSection(SolutionProperties) = preSolution
		HideSolutionNode = FALSE
	EndGlobalSection
	GlobalSection(ExtensibilityGlobals) = postSolution
		SolutionGuid = {AA42ACF4-1A5F-455F-8565-84D4EC589920}
	EndGlobalSection
EndGlobal
